
Microsoft Visual Studio Solution File, Format Version 12.00
# Visual Studio Version 17
VisualStudioVersion = 17.5.33516.290
MinimumVisualStudioVersion = 10.0.40219.1
Project("{9A19103F-16F7-4668-BE54-9A1E7A4F7556}") = "Lesson2", "Lesson2\Lesson2.csproj", "{BC199CC3-8774-4E08-B75A-DF9EBDF33F0E}"
EndProject
Project("{FAE04EC0-301F-11D3-BF4B-00C04F79EFBC}") = "Lesson3", "Lesson3\Lesson3.csproj", "{51CCF16E-15D9-4699-BFDD-73344B7B3F06}"
EndProject
Global
	GlobalSection(SolutionConfigurationPlatforms) = preSolution
		Debug|Any CPU = Debug|Any CPU
		Release|Any CPU = Release|Any CPU
	EndGlobalSection
	GlobalSection(ProjectConfigurationPlatforms) = postSolution
		{BC199CC3-8774-4E08-B75A-DF9EBDF33F0E}.Debug|Any CPU.ActiveCfg = Debug|Any CPU
		{BC199CC3-8774-4E08-B75A-DF9EBDF33F0E}.Debug|Any CPU.Build.0 = Debug|Any CPU
		{BC199CC3-8774-4E08-B75A-DF9EBDF33F0E}.Release|Any CPU.ActiveCfg = Release|Any CPU
		{BC199CC3-8774-4E08-B75A-DF9EBDF33F0E}.Release|Any CPU.Build.0 = Release|Any CPU
		{51CCF16E-15D9-4699-BFDD-73344B7B3F06}.Debug|Any CPU.ActiveCfg = Debug|Any CPU
		{51CCF16E-15D9-4699-BFDD-73344B7B3F06}.Debug|Any CPU.Build.0 = Debug|Any CPU
		{51CCF16E-15D9-4699-BFDD-73344B7B3F06}.Release|Any CPU.ActiveCfg = Release|Any CPU
		{51CCF16E-15D9-4699-BFDD-73344B7B3F06}.Release|Any CPU.Build.0 = Release|Any CPU
	EndGlobalSection
	GlobalSection(SolutionProperties) = preSolution
		HideSolutionNode = FALSE
	EndGlobalSection
	GlobalSection(ExtensibilityGlobals) = postSolution
		SolutionGuid = {30266844-22D1-43F8-85FA-44DD35BFDC98}
	EndGlobalSection
EndGlobal
